
Microsoft Visual Studio Solution File, Format Version 12.00
# Visual Studio Version 16
VisualStudioVersion = 16.0.31729.503
MinimumVisualStudioVersion = 10.0.40219.1
Project("{FAE04EC0-301F-11D3-BF4B-00C04F79EFBC}") = "PlayingWithVariablesConsole", "PlayingWithVariablesConsole\PlayingWithVariablesConsole.csproj", "{A1C4768B-2B6F-4705-B955-5C54B83F9739}"
EndProject
Global
	GlobalSection(SolutionConfigurationPlatforms) = preSolution
		Debug|Any CPU = Debug|Any CPU
		Release|Any CPU = Release|Any CPU
	EndGlobalSection
	GlobalSection(ProjectConfigurationPlatforms) = postSolution
		{A1C4768B-2B6F-4705-B955-5C54B83F9739}.Debug|Any CPU.ActiveCfg = Debug|Any CPU
		{A1C4768B-2B6F-4705-B955-5C54B83F9739}.Debug|Any CPU.Build.0 = Debug|Any CPU
		{A1C4768B-2B6F-4705-B955-5C54B83F9739}.Release|Any CPU.ActiveCfg = Release|Any CPU
		{A1C4768B-2B6F-4705-B955-5C54B83F9739}.Release|Any CPU.Build.0 = Release|Any CPU
	EndGlobalSection
	GlobalSection(SolutionProperties) = preSolution
		HideSolutionNode = FALSE
	EndGlobalSection
	GlobalSection(ExtensibilityGlobals) = postSolution
		SolutionGuid = {B453B2A5-E7F6-4F13-A154-F1BCD86ECCB4}
	EndGlobalSection
EndGlobal
